github.com/goloop/env v1.2.1 h1:McDwjjH1ejXhB2FfxoRePSsUkvcAVRjw9CQryYCTuQk=
github.com/goloop/env v1.2.1/go.mod h1:dyzpTxhocfVMd3tfLSFAtc8nYN3Hpzg1GIZ3deLPUN0=
golang.org/x/sync v0.11.0 h1:GGz8+XQP4FvTTrjZPzNKTMFtSXH80RAzG+5ghFPgK9w=
golang.org/x/sync v0.11.0/go.mod h1:Czt+wKu1gCyEFDUtn0jG5QVvpJ6rzVqr5aXyt9drQfk=
